
Microsoft Visual Studio Solution File, Format Version 12.00
# Visual Studio 14
VisualStudioVersion = 14.0.22823.1
MinimumVisualStudioVersion = 10.0.40219.1
Project("{FAE04EC0-301F-11D3-BF4B-00C04F79EFBC}") = "CServer", "CServer\CServer.csproj", "{9F31EB0D-FAD3-4FEC-A84E-42B016BD5BBC}"
EndProject
Project("{FAE04EC0-301F-11D3-BF4B-00C04F79EFBC}") = "CClient", "CClient\CClient.csproj", "{FA3D09F6-CA68-4F3B-8659-B548FC56F648}"
EndProject
Global
	GlobalSection(SolutionConfigurationPlatforms) = preSolution
		Debug|Any CPU = Debug|Any CPU
		Release|Any CPU = Release|Any CPU
	EndGlobalSection
	GlobalSection(ProjectConfigurationPlatforms) = postSolution
		{9F31EB0D-FAD3-4FEC-A84E-42B016BD5BBC}.Debug|Any CPU.ActiveCfg = Debug|Any CPU
		{9F31EB0D-FAD3-4FEC-A84E-42B016BD5BBC}.Debug|Any CPU.Build.0 = Debug|Any CPU
		{9F31EB0D-FAD3-4FEC-A84E-42B016BD5BBC}.Release|Any CPU.ActiveCfg = Release|Any CPU
		{9F31EB0D-FAD3-4FEC-A84E-42B016BD5BBC}.Release|Any CPU.Build.0 = Release|Any CPU
		{FA3D09F6-CA68-4F3B-8659-B548FC56F648}.Debug|Any CPU.ActiveCfg = Debug|Any CPU
		{FA3D09F6-CA68-4F3B-8659-B548FC56F648}.Debug|Any CPU.Build.0 = Debug|Any CPU
		{FA3D09F6-CA68-4F3B-8659-B548FC56F648}.Release|Any CPU.ActiveCfg = Release|Any CPU
		{FA3D09F6-CA68-4F3B-8659-B548FC56F648}.Release|Any CPU.Build.0 = Release|Any CPU
	EndGlobalSection
	GlobalSection(SolutionProperties) = preSolution
		HideSolutionNode = FALSE
	EndGlobalSection
EndGlobal
